# This file was autogenerated by Stack.
# You should not edit this file by hand.
# For more information, please see the documentation at:
#   https://docs.haskellstack.org/en/stable/lock_files

packages: []
snapshots:
- completed:
    size: 523541
    url: https://raw.githubusercontent.com/commercialhaskell/stackage-snapshots/master/lts/14/24.yaml
    sha256: f761fe419a1a44fc3ef47f5bfb1853304d13320fc72b45d2798c08d21dabc23c
  original: lts-14.24
